
Microsoft Visual Studio Solution File, Format Version 12.00
# Visual Studio 15
VisualStudioVersion = 15.0.28010.2026
MinimumVisualStudioVersion = 10.0.40219.1
Project("{FAE04EC0-301F-11D3-BF4B-00C04F79EFBC}") = "FTP_Server", "FTP_Server\FTP_Server.csproj", "{161FD9B9-E24B-44A1-8C1C-18FEF6321FDA}"
EndProject
Global
	GlobalSection(SolutionConfigurationPlatforms) = preSolution
		Debug|Any CPU = Debug|Any CPU
		Release|Any CPU = Release|Any CPU
	EndGlobalSection
	GlobalSection(ProjectConfigurationPlatforms) = postSolution
		{161FD9B9-E24B-44A1-8C1C-18FEF6321FDA}.Debug|Any CPU.ActiveCfg = Debug|Any CPU
		{161FD9B9-E24B-44A1-8C1C-18FEF6321FDA}.Debug|Any CPU.Build.0 = Debug|Any CPU
		{161FD9B9-E24B-44A1-8C1C-18FEF6321FDA}.Release|Any CPU.ActiveCfg = Release|Any CPU
		{161FD9B9-E24B-44A1-8C1C-18FEF6321FDA}.Release|Any CPU.Build.0 = Release|Any CPU
	EndGlobalSection
	GlobalSection(SolutionProperties) = preSolution
		HideSolutionNode = FALSE
	EndGlobalSection
	GlobalSection(ExtensibilityGlobals) = postSolution
		SolutionGuid = {0BA5A2C8-991E-4CC1-8BA2-1778700FB516}
	EndGlobalSection
EndGlobal
